{
  "name": "movieportalauthorizer",
  "version": "1.0.0",
  "lockfileVersion": 1,
  "requires": true,
  "dependencies": {
    "@panva/asn1.js": {
      "version": "1.0.0",
      "resolved": "https://registry.npmjs.org/@panva/asn1.js/-/asn1.js-1.0.0.tgz",
      "integrity": "sha512-UdkG3mLEqXgnlKsWanWcgb6dOjUzJ+XC5f+aWw30qrtjxeNUSfKX1cd5FBzOaXQumoe9nIqeZUvrRJS03HCCtw=="
    },
    "@southlane/cognito-jwt-verifier": {
      "version": "0.1.7",
      "resolved": "https://registry.npmjs.org/@southlane/cognito-jwt-verifier/-/cognito-jwt-verifier-0.1.7.tgz",
      "integrity": "sha512-tRX2oXh2eOhOcGFiCI+va54DEjdo/ykY35lNJ6FEFkv+0Q9xWE5QvmybEma8WXKnKb07jZvrjOE/brPq/es42g==",
      "requires": {
        "jose": "^1.28.0"
      }
    },
    "jose": {
      "version": "1.28.1",
      "resolved": "https://registry.npmjs.org/jose/-/jose-1.28.1.tgz",
      "integrity": "sha512-6JK28rFu5ENp/yxMwM+iN7YeaInnY9B9Bggjkz5fuwLiJhbVrl2O4SJr65bdNBPl9y27fdC3Mymh+FVCvozLIg==",
      "requires": {
        "@panva/asn1.js": "^1.0.0"
      }
    }
  }
}
